[{
  "_id": {
    "$oid": "670525bedb900de0241b3eb7"
  },
  "make": "Revolt",
  "makeSlug": "revolt",
  "name": "Revolt RV1",
  "bikeSlug": "rv1",
  "title": "rv1",
  "images": [],
  "colors": [],
  "modelsId": 2239,
  "image": "https://bd.gaadicdn.com/processedimages/revolt/rv1/source/rv166e9a16b48572.jpg",
  "priceRange": "84,990 - 99,990",
  "createdAt": {
    "$date": "2024-10-08T12:29:50.059Z"
  },
  "updatedAt": {
    "$date": "2024-10-09T06:03:44.224Z"
  },
  "__v": 0
},
{
  "_id": {
    "$oid": "67052f46db900de0241b3eba"
  },
  "make": "Ultraviolette",
  "makeSlug": "ultraviolette",
  "name": "Ultraviolette F77",
  "bikeSlug": "F77",
  "title": "F77",
  "images": [],
  "colors": [],
  "modelsId": 1177,
  "image": "https://bd.gaadicdn.com/processedimages/ultraviolette/f77/source/f77662b11737611f.jpg",
  "priceRange": "3.17 - 4.19 Lakh",
  "createdAt": {
    "$date": "2024-10-08T13:10:30.735Z"
  },
  "updatedAt": {
    "$date": "2024-10-08T13:10:30.735Z"
  },
  "__v": 0
},
{
  "_id": {
    "$oid": "67056cb3e32ccc74f6b7ba67"
  },
  "make": "Oben Electric",
  "makeSlug": "oben",
  "name": "Oben Rorr",
  "bikeSlug": "oben-electric-bike",
  "title": "Rorr",
  "images": [],
  "colors": [],
  "modelsId": 1692,
  "image": "https://bd.gaadicdn.com/processedimages/oben/oben-electric-bike/source/oben-electric-bike65f1355fd3e07.jpg",
  "priceRange": "1.27 Lakh",
  "createdAt": {
    "$date": "2024-10-08T17:32:35.600Z"
  },
  "updatedAt": {
    "$date": "2024-10-08T17:32:35.600Z"
  },
  "__v": 0
},
{
  "_id": {
    "$oid": "67056d34e32ccc74f6b7ba6a"
  },
  "make": "Komaki",
  "makeSlug": "komaki",
  "name": "Komaki Ranger",
  "bikeSlug": "ranger",
  "title": "Ranger",
  "images": [],
  "colors": [],
  "modelsId": 1682,
  "image": "https://bd.gaadicdn.com/upload/modellogo/649ea0874726b.jpg",
  "priceRange": "1.75 - 1.92 Lakh",
  "createdAt": {
    "$date": "2024-10-08T17:34:44.439Z"
  },
  "updatedAt": {
    "$date": "2024-10-08T17:34:44.439Z"
  },
  "__v": 0
},
{
  "_id": {
    "$oid": "67056d90e32ccc74f6b7ba6d"
  },
  "make": "Tork",
  "makeSlug": "tork",
  "name": "Tork Kratos R",
  "bikeSlug": "t6x",
  "title": "Kratos R",
  "images": [],
  "colors": [],
  "modelsId": 767,
  "image": "https://bd.gaadicdn.com/upload/modellogo/64d9d5343adc2.jpg",
  "priceRange": "1.59 - 1.77 Lakh",
  "createdAt": {
    "$date": "2024-10-08T17:36:16.651Z"
  },
  "updatedAt": {
    "$date": "2024-10-08T17:36:16.651Z"
  },
  "__v": 0
},
{
  "_id": {
    "$oid": "67056df7e32ccc74f6b7ba70"
  },
  "make": "Kabira Mobility",
  "makeSlug": "kabira-mobility",
  "name": "Kabira Mobility KM3000",
  "bikeSlug": "km-3000",
  "title": "Kabira Mobility KM3000",
  "images": [],
  "colors": [],
  "modelsId": 1282,
  "image": "https://bd.gaadicdn.com/processedimages/kabira-mobility/km-3000/source/km-300065cf14be1a614.jpg",
  "priceRange": "1.69 - 1.93 Lakh",
  "createdAt": {
    "$date": "2024-10-08T17:37:59.216Z"
  },
  "updatedAt": {
    "$date": "2024-10-08T17:37:59.216Z"
  },
  "__v": 0
},
{
  "_id": {
    "$oid": "67057398e32ccc74f6b7ba73"
  },
  "make": "Matter",
  "makeSlug": "matter-ev",
  "name": "Matter Aera",
  "bikeSlug": "matter-electric-bike",
  "title": "Aera",
  "images": [],
  "colors": [],
  "modelsId": 1872,
  "image": "https://bd.gaadicdn.com/processedimages/matter-ev/matter-electric-bike/640X309/matter-electric-bike640037bddc811.jpg",
  "priceRange": "1.83 - 1.94 Lakh",
  "createdAt": {
    "$date": "2024-10-08T18:02:00.798Z"
  },
  "updatedAt": {
    "$date": "2024-10-08T18:02:00.798Z"
  },
  "__v": 0
},
{
  "_id": {
    "$oid": "670576e1e32ccc74f6b7ba76"
  },
  "make": "Odysse Electric",
  "makeSlug": "odysse-electric",
  "name": "Odysse Electric Evoqis",
  "bikeSlug": "evoqis",
  "title": "Evoqis",
  "images": [],
  "colors": [],
  "modelsId": 1468,
  "image": "https://bd.gaadicdn.com/processedimages/odysse-electric/evoqis/640X309/evoqis62de3060a3594.jpg",
  "priceRange": "1.78 Lakh",
  "createdAt": {
    "$date": "2024-10-08T18:16:01.791Z"
  },
  "updatedAt": {
    "$date": "2024-10-08T18:16:01.791Z"
  },
  "__v": 0
},
{
  "_id": {
    "$oid": "670578a6e32ccc74f6b7ba79"
  },
  "make": "Atumobile",
  "makeSlug": "atumobile",
  "name": "Atumobile AtumVader",
  "bikeSlug": "atum-vadar",
  "title": "AtumVader",
  "images": [],
  "colors": [],
  "modelsId": 1768,
  "image": "https://bd.gaadicdn.com/processedimages/atumobile/atum-vadar/source/atum-vadar65d3200e0e0d7.jpg",
  "priceRange": "1.13 - 1.44 Lakh",
  "createdAt": {
    "$date": "2024-10-08T18:23:34.705Z"
  },
  "updatedAt": {
    "$date": "2024-10-08T18:23:34.705Z"
  },
  "__v": 0
},
{
  "_id": {
    "$oid": "67057904e32ccc74f6b7ba7c"
  },
  "make": "PURE EV",
  "makeSlug": "pure-ev",
  "name": "PURE EV eTryst 350",
  "bikeSlug": "etryst-350",
  "title": "eTryst 350",
  "images": [],
  "colors": [],
  "modelsId": 1758,
  "image": "https://bd.gaadicdn.com/processedimages/pure-ev/etryst-350/640X309/etryst-350628e0ba0f1385.jpg",
  "priceRange": "1.36 Lakh",
  "createdAt": {
    "$date": "2024-10-08T18:25:08.937Z"
  },
  "updatedAt": {
    "$date": "2024-10-08T18:25:08.937Z"
  },
  "__v": 0
},
{
  "_id": {
    "$oid": "670579e3e32ccc74f6b7ba7f"
  },
  "make": "Hop Electric",
  "makeSlug": "hop-electric",
  "name": "Hop Oxo",
  "bikeSlug": "oxo-100",
  "title": "Oxo",
  "images": [],
  "colors": [],
  "modelsId": 1710,
  "image": "https://bd.gaadicdn.com/processedimages/hop-electric/oxo-100/640X309/oxo-1006316fd63ea45c.jpg",
  "priceRange": "1.39 - 1.67 Lakh",
  "createdAt": {
    "$date": "2024-10-08T18:28:51.594Z"
  },
  "updatedAt": {
    "$date": "2024-10-08T18:28:51.594Z"
  },
  "__v": 0
},
{
  "_id": {
    "$oid": "67057b45e32ccc74f6b7ba82"
  },
  "make": "Ola Electric",
  "makeSlug": "ola-electric",
  "name": "Ola Roadster",
  "bikeSlug": "ola-roadster",
  "title": "Roadster",
  "images": [],
  "colors": [],
  "modelsId": 1867,
  "image": "https://bd.gaadicdn.com/processedimages/ola-electric/ola-electric-bike/source/ola-electric-bike66c832bf54bdc.jpg",
  "priceRange": "1.13 - 1.49 Lakh",
  "createdAt": {
    "$date": "2024-10-08T18:34:45.619Z"
  },
  "updatedAt": {
    "$date": "2024-10-08T18:34:45.619Z"
  },
  "__v": 0
},
{
  "_id": {
    "$oid": "67057dd0e32ccc74f6b7ba86"
  },
  "make": "Eko Tejas",
  "makeSlug": "eko-tejas",
  "name": "Eko Tejas E-Dyroth",
  "bikeSlug": "e-dyroth",
  "title": "E-Dyroth",
  "images": [],
  "colors": [],
  "modelsId": 1892,
  "image": "https://bd.gaadicdn.com/processedimages/eko-tejas/e-dyroth/640X309/e-dyroth63858bae38fa5.jpg",
  "priceRange": "1.36 Lakh",
  "createdAt": {
    "$date": "2024-10-08T18:45:36.129Z"
  },
  "updatedAt": {
    "$date": "2024-10-08T18:45:36.129Z"
  },
  "__v": 0
},
{
  "_id": {
    "$oid": "67057e2fe32ccc74f6b7ba89"
  },
  "make": "Ultraviolette",
  "makeSlug": "ultraviolette",
  "name": "Ultraviolette F99",
  "bikeSlug": "f99",
  "title": "F99",
  "images": [],
  "colors": [],
  "modelsId": 1917,
  "image": "https://bd.gaadicdn.com/processedimages/ultraviolette/f99/source/f99654bb2f2a98d3.jpg",
  "priceRange": "8 Lakh",
  "createdAt": {
    "$date": "2024-10-08T18:47:11.141Z"
  },
  "updatedAt": {
    "$date": "2024-10-08T18:47:11.141Z"
  },
  "__v": 0
},
{
  "_id": {
    "$oid": "67057e88e32ccc74f6b7ba8c"
  },
  "make": "Emote Electric",
  "makeSlug": "emote-electric",
  "name": "Emote Electric Surge",
  "bikeSlug": "surge",
  "title": "Surge",
  "images": [],
  "colors": [],
  "modelsId": 1275,
  "image": "https://bd.gaadicdn.com/processedimages/emote-electric/surge/640X309/surge6007bb70cd408.jpg",
  "priceRange": "1.11 Lakh",
  "createdAt": {
    "$date": "2024-10-08T18:48:40.607Z"
  },
  "updatedAt": {
    "$date": "2024-10-08T18:48:40.607Z"
  },
  "__v": 0
},
{
  "_id": {
    "$oid": "67057ef9e32ccc74f6b7ba8f"
  },
  "make": "EeVe",
  "makeSlug": "eeve",
  "name": "EeVe Tesoro",
  "bikeSlug": "tesoro",
  "title": "Tesoro",
  "images": [],
  "colors": [],
  "modelsId": 1271,
  "image": "https://bd.gaadicdn.com/processedimages/eeve/tesoro/640X309/tesoro5e5de4ce8708f.jpg",
  "priceRange": "1.11 Lakh",
  "createdAt": {
    "$date": "2024-10-08T18:50:33.125Z"
  },
  "updatedAt": {
    "$date": "2024-10-08T18:50:33.125Z"
  },
  "__v": 0
},
{
  "_id": {
    "$oid": "67057f42e32ccc74f6b7ba92"
  },
  "make": "Harley Davidson",
  "makeSlug": "harley-davidson",
  "name": "Harley Davidson LiveWire S2 Del Mar",
  "bikeSlug": "edt600r",
  "title": "LiveWire S2 Del Mar",
  "images": [],
  "colors": [],
  "modelsId": 1252,
  "image": "https://bd.gaadicdn.com/processedimages/harley-davidson/edt600r/640X309/edt600r5e5dd74ac1f67.jpg",
  "priceRange": "6.65 Lakh",
  "createdAt": {
    "$date": "2024-10-08T18:51:46.414Z"
  },
  "updatedAt": {
    "$date": "2024-10-08T18:51:46.414Z"
  },
  "__v": 0
},
{
  "_id": {
    "$oid": "67057fd1e32ccc74f6b7ba95"
  },
  "make": "Revolt",
  "makeSlug": "revolt",
  "name": "Revolt RV400",
  "bikeSlug": "rv-400",
  "title": "RV400",
  "images": [],
  "colors": [],
  "modelsId": 1092,
  "image": "https://bd.gaadicdn.com/processedimages/revolt-motors/rv-400/640X309/rv-400649126250faf2.jpg",
  "priceRange": "1.24 Lakh",
  "createdAt": {
    "$date": "2024-10-08T18:54:09.555Z"
  },
  "updatedAt": {
    "$date": "2024-10-08T18:54:09.555Z"
  },
  "__v": 0
},
{
  "_id": {
    "$oid": "6705802ae32ccc74f6b7ba98"
  },
  "make": "Revolt",
  "makeSlug": "revolt",
  "name": "Revolt RV400 BRZ",
  "bikeSlug": "rv-400-brz",
  "title": "RV400 BRZ",
  "images": [],
  "colors": [],
  "modelsId": 2129,
  "image": "https://bd.gaadicdn.com/processedimages/revolt/rv400-brz/source/rv400-brz65b8c4c17eac9.jpg",
  "priceRange": "1.09 Lakh",
  "createdAt": {
    "$date": "2024-10-08T18:55:38.028Z"
  },
  "updatedAt": {
    "$date": "2024-10-08T18:55:38.028Z"
  },
  "__v": 0
},
{
  "_id": {
    "$oid": "670580e3e32ccc74f6b7ba9b"
  },
  "make": "Ola Electric",
  "makeSlug": "ola-electric",
  "name": "Ola S1 Pro",
  "bikeSlug": "s1-pro",
  "title": "S1 Pro",
  "images": [],
  "colors": [],
  "modelsId": 1963,
  "image": "https://bd.gaadicdn.com/processedimages/ola-electric/s1-pro/640X309/s1-pro664af02c3f229.jpg",
  "priceRange": "1.41 Lakh",
  "createdAt": {
    "$date": "2024-10-08T18:58:43.895Z"
  },
  "updatedAt": {
    "$date": "2024-10-08T18:58:43.895Z"
  },
  "__v": 0
},
{
  "_id": {
    "$oid": "67058137e32ccc74f6b7ba9e"
  },
  "make": "Ather",
  "makeSlug": "ather-energy",
  "name": "Ather 450X",
  "bikeSlug": "450x",
  "title": "Ather 450X",
  "images": [],
  "colors": [],
  "modelsId": 1247,
  "image": "https://bd.gaadicdn.com/processedimages/ather-energy/450x/640X309/450x65ead7cdf293e.jpg",
  "priceRange": "1.54 - 1.68 Lakh",
  "createdAt": {
    "$date": "2024-10-08T19:00:07.283Z"
  },
  "updatedAt": {
    "$date": "2024-10-08T19:00:07.283Z"
  },
  "__v": 0
},
{
  "_id": {
    "$oid": "670581a8e32ccc74f6b7baa1"
  },
  "make": "Ola Electric",
  "makeSlug": "ola-electric",
  "name": "Ola S1 X",
  "bikeSlug": "s1-x",
  "title": "S1 X",
  "images": [],
  "colors": [],
  "modelsId": 2059,
  "image": "https://bd.gaadicdn.com/upload/modellogo/64db42c07809d.jpg",
  "priceRange": "78,803 - 1.01 Lakh",
  "createdAt": {
    "$date": "2024-10-08T19:02:00.573Z"
  },
  "updatedAt": {
    "$date": "2024-10-08T19:02:00.573Z"
  },
  "__v": 0
},
{
  "_id": {
    "$oid": "67058222e32ccc74f6b7baa4"
  },
  "make": "Ola Electric",
  "makeSlug": "ola-electric",
  "name": "Ola S1 Air",
  "bikeSlug": "s1-air",
  "title": "S1 Air",
  "images": [],
  "colors": [],
  "modelsId": 1964,
  "image": "https://bd.gaadicdn.com/upload/modellogo/64d5c9de91a03.jpg",
  "priceRange": "1.12 Lakh",
  "createdAt": {
    "$date": "2024-10-08T19:04:02.828Z"
  },
  "updatedAt": {
    "$date": "2024-10-08T19:04:02.828Z"
  },
  "__v": 0
},
{
  "_id": {
    "$oid": "670582dfe32ccc74f6b7baa7"
  },
  "make": "Ola Electric",
  "makeSlug": "ola-electric",
  "name": "Ola Roadster X",
  "bikeSlug": "roadster-x",
  "title": "Roadster X",
  "images": [],
  "colors": [],
  "modelsId": 2227,
  "image": "https://bd.gaadicdn.com/processedimages/ola-electric/roadster-x/640X309/roadster-x66c830bbc314e.jpg",
  "priceRange": "82,597",
  "createdAt": {
    "$date": "2024-10-08T19:07:11.954Z"
  },
  "updatedAt": {
    "$date": "2024-10-08T19:07:11.954Z"
  },
  "__v": 0
},
{
  "_id": {
    "$oid": "67058385e32ccc74f6b7baaa"
  },
  "make": "Atumobile",
  "makeSlug": "atumobile",
  "name": "Atumobile Atum Version 1.0",
  "bikeSlug": "version-1-0",
  "title": "Atum Version 1.0",
  "images": [],
  "colors": [],
  "modelsId": 1554,
  "image": "https://bd.gaadicdn.com/processedimages/atumobile/version-1-0/640X309/version-1-0613987d6b9abe.jpg",
  "priceRange": "64,963",
  "createdAt": {
    "$date": "2024-10-08T19:09:57.071Z"
  },
  "updatedAt": {
    "$date": "2024-10-08T19:09:57.071Z"
  },
  "__v": 0
},
{
  "_id": {
    "$oid": "6705849be32ccc74f6b7baad"
  },
  "make": "PURE EV",
  "makeSlug": "pure-ev",
  "name": "PURE EV EcoDryft",
  "bikeSlug": "ecodryft",
  "title": "EcoDryft",
  "images": [],
  "colors": [],
  "modelsId": 1901,
  "image": "https://bd.gaadicdn.com/processedimages/pure-ev/ecodryft/640X309/ecodryft639d43962d7e1.jpg",
  "priceRange": "1.05 Lakh",
  "createdAt": {
    "$date": "2024-10-08T19:14:35.990Z"
  },
  "updatedAt": {
    "$date": "2024-10-08T19:14:35.990Z"
  },
  "__v": 0
},
{
  "_id": {
    "$oid": "6705851fe32ccc74f6b7bab0"
  },
  "make": "Komaki",
  "makeSlug": "komaki",
  "name": "Komaki MX3",
  "bikeSlug": "mx3",
  "title": "MX3",
  "images": [],
  "colors": [],
  "modelsId": 1568,
  "image": "https://bd.gaadicdn.com/upload/modellogo/649ea4a296319.jpg",
  "priceRange": "1.19 Lakh",
  "createdAt": {
    "$date": "2024-10-08T19:16:47.022Z"
  },
  "updatedAt": {
    "$date": "2024-10-08T19:16:47.022Z"
  },
  "__v": 0
},
{
  "_id": {
    "$oid": "67058584e32ccc74f6b7bab3"
  },
  "make": "Tunwal",
  "makeSlug": "tunwal",
  "name": "Tunwal TZ",
  "bikeSlug": "tz-33",
  "title": "TZ",
  "images": [],
  "colors": [],
  "modelsId": 1722,
  "image": "https://bd.gaadicdn.com/processedimages/tunwal/tz-33/640X309/tz-336239a03b894e7.jpg",
  "priceRange": "1.15 Lakh",
  "createdAt": {
    "$date": "2024-10-08T19:18:28.990Z"
  },
  "updatedAt": {
    "$date": "2024-10-08T19:18:28.990Z"
  },
  "__v": 0
}]